// !$*UTF8*$!
{
	archiveVersion = 1;
	classes = {
	};
	objectVersion = 56;
	objects = {

/* Begin PBXBuildFile section */
		D43E5B2429CA5A33008CFDF8 /* AppDelegate.swift in Sources */ = {isa = PBXBuildFile; fileRef = D43E5B2329CA5A33008CFDF8 /* AppDelegate.swift */; };
		D43E5B2629CA5A33008CFDF8 /* SceneDelegate.swift in Sources */ = {isa = PBXBuildFile; fileRef = D43E5B2529CA5A33008CFDF8 /* SceneDelegate.swift */; };
		D43E5B2829CA5A33008CFDF8 /* ViewController.swift in Sources */ = {isa = PBXBuildFile; fileRef = D43E5B2729CA5A33008CFDF8 /* ViewController.swift */; };
		D43E5B2B29CA5A33008CFDF8 /* Main.storyboard in Resources */ = {isa = PBXBuildFile; fileRef = D43E5B2929CA5A33008CFDF8 /* Main.storyboard */; };
		D43E5B2D29CA5A35008CFDF8 /* Assets.xcassets in Resources */ = {isa = PBXBuildFile; fileRef = D43E5B2C29CA5A35008CFDF8 /* Assets.xcassets */; };
		D43E5B3029CA5A35008CFDF8 /* LaunchScreen.storyboard in Resources */ = {isa = PBXBuildFile; fileRef = D43E5B2E29CA5A35008CFDF8 /* LaunchScreen.storyboard */; };
/* End PBXBuildFile section */

/* Begin PBXContainerItemProxy section */
		D43E5B3729CA5A35008CFDF8 /* PBXContainerItemProxy */ = {
			isa = PBXContainerItemProxy;
			containerPortal = D43E5B1829CA5A33008CFDF8 /* Project object */;
			proxyType = 1;
			remoteGlobalIDString = D43E5B1F29CA5A33008CFDF8;
			remoteInfo = magic8ball;
		};
		D43E5B4129CA5A35008CFDF8 /* PBXContainerItemProxy */ = {
			isa = PBXContainerItemProxy;
			containerPortal = D43E5B1829CA5A33008CFDF8 /* Project object */;
			proxyType = 1;
			remoteGlobalIDString = D43E5B1F29CA5A33008CFDF8;
			remoteInfo = magic8ball;
		};
/* End PBXContainerItemProxy section */

/* Begin PBXFileReference section */
		D43E5B2029CA5A33008CFDF8 /* Magic 8 Ball.app */ = {isa = PBXFileReference; explicitFileType = wrapper.application; includeInIndex = 0; path = "Magic 8 Ball.app"; sourceTree = BUILT_PRODUCTS_DIR; };
		D43E5B2329CA5A33008CFDF8 /* AppDelegate.swift */ = {isa = PBXFileReference; lastKnownFileType = sourcecode.swift; path = AppDelegate.swift; sourceTree = "<group>"; };
		D43E5B2529CA5A33008CFDF8 /* SceneDelegate.swift */ = {isa = PBXFileReference; lastKnownFileType = sourcecode.swift; path = SceneDelegate.swift; sourceTree = "<group>"; };
		D43E5B2729CA5A33008CFDF8 /* ViewController.swift */ = {isa = PBXFileReference; lastKnownFileType = sourcecode.swift; path = ViewController.swift; sourceTree = "<group>"; };
		D43E5B2A29CA5A33008CFDF8 /* Base */ = {isa = PBXFileReference; lastKnownFileType = file.storyboard; name = Base; path = Base.lproj/Main.storyboard; sourceTree = "<group>"; };
		D43E5B2C29CA5A35008CFDF8 /* Assets.xcassets */ = {isa = PBXFileReference; lastKnownFileType = folder.assetcatalog; path = Assets.xcassets; sourceTree = "<group>"; };
		D43E5B2F29CA5A35008CFDF8 /* Base */ = {isa = PBXFileReference; lastKnownFileType = file.storyboard; name = Base; path = Base.lproj/LaunchScreen.storyboard; sourceTree = "<group>"; };
		D43E5B3129CA5A35008CFDF8 /* Info.plist */ = {isa = PBXFileReference; lastKnownFileType = text.plist.xml; path = Info.plist; sourceTree = "<group>"; };
		D43E5B3629CA5A35008CFDF8 /* Magic 8 BallTests.xctest */ = {isa = PBXFileReference; explicitFileType = wrapper.cfbundle; includeInIndex = 0; path = "Magic 8 BallTests.xctest"; sourceTree = BUILT_PRODUCTS_DIR; };
		D43E5B4029CA5A35008CFDF8 /* Magic 8 BallUITests.xctest */ = {isa = PBXFileReference; explicitFileType = wrapper.cfbundle; includeInIndex = 0; path = "Magic 8 BallUITests.xctest"; sourceTree = BUILT_PRODUCTS_DIR; };
/* End PBXFileReference section */

/* Begin PBXFrameworksBuildPhase section */
		D43E5B1D29CA5A33008CFDF8 /* Frameworks */ = {
			isa = PBXFrameworksBuildPhase;
			buildActionMask = 2147483647;
			files = (
			);
			runOnlyForDeploymentPostprocessing = 0;
		};
		D43E5B3329CA5A35008CFDF8 /* Frameworks */ = {
			isa = PBXFrameworksBuildPhase;
			buildActionMask = 2147483647;
			files = (
			);
			runOnlyForDeploymentPostprocessing = 0;
		};
		D43E5B3D29CA5A35008CFDF8 /* Frameworks */ = {
			isa = PBXFrameworksBuildPhase;
			buildActionMask = 2147483647;
			files = (
			);
			runOnlyForDeploymentPostprocessing = 0;
		};
/* End PBXFrameworksBuildPhase section */

/* Begin PBXGroup section */
		D43E5B1729CA5A33008CFDF8 = {
			isa = PBXGroup;
			children = (
				D43E5B2229CA5A33008CFDF8 /* magic8ball */,
				D43E5B2129CA5A33008CFDF8 /* Products */,
			);
			sourceTree = "<group>";
		};
		D43E5B2129CA5A33008CFDF8 /* Products */ = {
			isa = PBXGroup;
			children = (
				D43E5B2029CA5A33008CFDF8 /* Magic 8 Ball.app */,
				D43E5B3629CA5A35008CFDF8 /* Magic 8 BallTests.xctest */,
				D43E5B4029CA5A35008CFDF8 /* Magic 8 BallUITests.xctest */,
			);
			name = Products;
			sourceTree = "<group>";
		};
		D43E5B2229CA5A33008CFDF8 /* magic8ball */ = {
			isa = PBXGroup;
			children = (
				D43E5B2329CA5A33008CFDF8 /* AppDelegate.swift */,
				D43E5B2529CA5A33008CFDF8 /* SceneDelegate.swift */,
				D43E5B2729CA5A33008CFDF8 /* ViewController.swift */,
				D43E5B2929CA5A33008CFDF8 /* Main.storyboard */,
				D43E5B2C29CA5A35008CFDF8 /* Assets.xcassets */,
				D43E5B2E29CA5A35008CFDF8 /* LaunchScreen.storyboard */,
				D43E5B3129CA5A35008CFDF8 /* Info.plist */,
			);
			path = magic8ball;
			sourceTree = "<group>";
		};
/* End PBXGroup section */

/* Begin PBXNativeTarget section */
		D43E5B1F29CA5A33008CFDF8 /* Magic 8 Ball */ = {
			isa = PBXNativeTarget;
			buildConfigurationList = D43E5B4A29CA5A35008CFDF8 /* Build configuration list for PBXNativeTarget "Magic 8 Ball" */;
			buildPhases = (
				D43E5B1C29CA5A33008CFDF8 /* Sources */,
				D43E5B1D29CA5A33008CFDF8 /* Frameworks */,
				D43E5B1E29CA5A33008CFDF8 /* Resources */,
			);
			buildRules = (
			);
			dependencies = (
			);
			name = "Magic 8 Ball";
			productName = magic8ball;
			productReference = D43E5B2029CA5A33008CFDF8 /* Magic 8 Ball.app */;
			productType = "com.apple.product-type.application";
		};
		D43E5B3529CA5A35008CFDF8 /* Magic 8 BallTests */ = {
			isa = PBXNativeTarget;
			buildConfigurationList = D43E5B4D29CA5A35008CFDF8 /* Build configuration list for PBXNativeTarget "Magic 8 BallTests" */;
			buildPhases = (
				D43E5B3229CA5A35008CFDF8 /* Sources */,
				D43E5B3329CA5A35008CFDF8 /* Frameworks */,
				D43E5B3429CA5A35008CFDF8 /* Resources */,
			);
			buildRules = (
			);
			dependencies = (
				D43E5B3829CA5A35008CFDF8 /* PBXTargetDependency */,
			);
			name = "Magic 8 BallTests";
			productName = magic8ballTests;
			productReference = D43E5B3629CA5A35008CFDF8 /* Magic 8 BallTests.xctest */;
			productType = "com.apple.product-type.bundle.unit-test";
		};
		D43E5B3F29CA5A35008CFDF8 /* Magic 8 BallUITests */ = {
			isa = PBXNativeTarget;
			buildConfigurationList = D43E5B5029CA5A35008CFDF8 /* Build configuration list for PBXNativeTarget "Magic 8 BallUITests" */;
			buildPhases = (
				D43E5B3C29CA5A35008CFDF8 /* Sources */,
				D43E5B3D29CA5A35008CFDF8 /* Frameworks */,
				D43E5B3E29CA5A35008CFDF8 /* Resources */,
			);
			buildRules = (
			);
			dependencies = (
				D43E5B4229CA5A35008CFDF8 /* PBXTargetDependency */,
			);
			name = "Magic 8 BallUITests";
			productName = magic8ballUITests;
			productReference = D43E5B4029CA5A35008CFDF8 /* Magic 8 BallUITests.xctest */;
			productType = "com.apple.product-type.bundle.ui-testing";
		};
/* End PBXNativeTarget section */

/* Begin PBXProject section */
		D43E5B1829CA5A33008CFDF8 /* Project object */ = {
			isa = PBXProject;
			attributes = {
				BuildIndependentTargetsInParallel = 1;
				LastSwiftUpdateCheck = 1420;
				LastUpgradeCheck = 1420;
				TargetAttributes = {
					D43E5B1F29CA5A33008CFDF8 = {
						CreatedOnToolsVersion = 14.2;
					};
					D43E5B3529CA5A35008CFDF8 = {
						CreatedOnToolsVersion = 14.2;
						TestTargetID = D43E5B1F29CA5A33008CFDF8;
					};
					D43E5B3F29CA5A35008CFDF8 = {
						CreatedOnToolsVersion = 14.2;
						TestTargetID = D43E5B1F29CA5A33008CFDF8;
					};
				};
			};
			buildConfigurationList = D43E5B1B29CA5A33008CFDF8 /* Build configuration list for PBXProject "Magic 8 Ball" */;
			compatibilityVersion = "Xcode 14.0";
			developmentRegion = en;
			hasScannedForEncodings = 0;
			knownRegions = (
				en,
				Base,
			);
			mainGroup = D43E5B1729CA5A33008CFDF8;
			productRefGroup = D43E5B2129CA5A33008CFDF8 /* Products */;
			projectDirPath = "";
			projectRoot = "";
			targets = (
				D43E5B1F29CA5A33008CFDF8 /* Magic 8 Ball */,
				D43E5B3529CA5A35008CFDF8 /* Magic 8 BallTests */,
				D43E5B3F29CA5A35008CFDF8 /* Magic 8 BallUITests */,
			);
		};
/* End PBXProject section */

/* Begin PBXResourcesBuildPhase section */
		D43E5B1E29CA5A33008CFDF8 /* Resources */ = {
			isa = PBXResourcesBuildPhase;
			buildActionMask = 2147483647;
			files = (
				D43E5B3029CA5A35008CFDF8 /* LaunchScreen.storyboard in Resources */,
				D43E5B2D29CA5A35008CFDF8 /* Assets.xcassets in Resources */,
				D43E5B2B29CA5A33008CFDF8 /* Main.storyboard in Resources */,
			);
			runOnlyForDeploymentPostprocessing = 0;
		};
		D43E5B3429CA5A35008CFDF8 /* Resources */ = {
			isa = PBXResourcesBuildPhase;
			buildActionMask = 2147483647;
			files = (
			);
			runOnlyForDeploymentPostprocessing = 0;
		};
		D43E5B3E29CA5A35008CFDF8 /* Resources */ = {
			isa = PBXResourcesBuildPhase;
			buildActionMask = 2147483647;
			files = (
			);
			runOnlyForDeploymentPostprocessing = 0;
		};
/* End PBXResourcesBuildPhase section */

/* Begin PBXSourcesBuildPhase section */
		D43E5B1C29CA5A33008CFDF8 /* Sources */ = {
			isa = PBXSourcesBuildPhase;
			buildActionMask = 2147483647;
			files = (
				D43E5B2829CA5A33008CFDF8 /* ViewController.swift in Sources */,
				D43E5B2429CA5A33008CFDF8 /* AppDelegate.swift in Sources */,
				D43E5B2629CA5A33008CFDF8 /* SceneDelegate.swift in Sources */,
			);
			runOnlyForDeploymentPostprocessing = 0;
		};
		D43E5B3229CA5A35008CFDF8 /* Sources */ = {
			isa = PBXSourcesBuildPhase;
			buildActionMask = 2147483647;
			files = (
			);
			runOnlyForDeploymentPostprocessing = 0;
		};
		D43E5B3C29CA5A35008CFDF8 /* Sources */ = {
			isa = PBXSourcesBuildPhase;
			buildActionMask = 2147483647;
			files = (
			);
			runOnlyForDeploymentPostprocessing = 0;
		};
/* End PBXSourcesBuildPhase section */

/* Begin PBXTargetDependency section */
		D43E5B3829CA5A35008CFDF8 /* PBXTargetDependency */ = {
			isa = PBXTargetDependency;
			target = D43E5B1F29CA5A33008CFDF8 /* Magic 8 Ball */;
			targetProxy = D43E5B3729CA5A35008CFDF8 /* PBXContainerItemProxy */;
		};
		D43E5B4229CA5A35008CFDF8 /* PBXTargetDependency */ = {
			isa = PBXTargetDependency;
			target = D43E5B1F29CA5A33008CFDF8 /* Magic 8 Ball */;
			targetProxy = D43E5B4129CA5A35008CFDF8 /* PBXContainerItemProxy */;
		};
/* End PBXTargetDependency section */

/* Begin PBXVariantGroup section */
		D43E5B2929CA5A33008CFDF8 /* Main.storyboard */ = {
			isa = PBXVariantGroup;
			children = (
				D43E5B2A29CA5A33008CFDF8 /* Base */,
			);
			name = Main.storyboard;
			sourceTree = "<group>";
		};
		D43E5B2E29CA5A35008CFDF8 /* LaunchScreen.storyboard */ = {
			isa = PBXVariantGroup;
			children = (
				D43E5B2F29CA5A35008CFDF8 /* Base */,
			);
			name = LaunchScreen.storyboard;
			sourceTree = "<group>";
		};
/* End PBXVariantGroup section */

/* Begin XCBuildConfiguration section */
		D43E5B4829CA5A35008CFDF8 /* Debug */ = {
			isa = XCBuildConfiguration;
			buildSettings = {
				ALWAYS_SEARCH_USER_PATHS = NO;
				CLANG_ANALYZER_NONNULL = YES;
				CLANG_ANALYZER_NUMBER_OBJECT_CONVERSION = YES_AGGRESSIVE;
				CLANG_CXX_LANGUAGE_STANDARD = "gnu++20";
				CLANG_ENABLE_MODULES = YES;
				CLANG_ENABLE_OBJC_ARC = YES;
				CLANG_ENABLE_OBJC_WEAK = YES;
				CLANG_WARN_BLOCK_CAPTURE_AUTORELEASING = YES;
				CLANG_WARN_BOOL_CONVERSION = YES;
				CLANG_WARN_COMMA = YES;
				CLANG_WARN_CONSTANT_CONVERSION = YES;
				CLANG_WARN_DEPRECATED_OBJC_IMPLEMENTATIONS = YES;
				CLANG_WARN_DIRECT_OBJC_ISA_USAGE = YES_ERROR;
				CLANG_WARN_DOCUMENTATION_COMMENTS = YES;
				CLANG_WARN_EMPTY_BODY = YES;
				CLANG_WARN_ENUM_CONVERSION = YES;
				CLANG_WARN_INFINITE_RECURSION = YES;
				CLANG_WARN_INT_CONVERSION = YES;
				CLANG_WARN_NON_LITERAL_NULL_CONVERSION = YES;
				CLANG_WARN_OBJC_IMPLICIT_RETAIN_SELF = YES;
				CLANG_WARN_OBJC_LITERAL_CONVERSION = YES;
				CLANG_WARN_OBJC_ROOT_CLASS = YES_ERROR;
				CLANG_WARN_QUOTED_INCLUDE_IN_FRAMEWORK_HEADER = YES;
				CLANG_WARN_RANGE_LOOP_ANALYSIS = YES;
				CLANG_WARN_STRICT_PROTOTYPES = YES;
				CLANG_WARN_SUSPICIOUS_MOVE = YES;
				CLANG_WARN_UNGUARDED_AVAILABILITY = YES_AGGRESSIVE;
				CLANG_WARN_UNREACHABLE_CODE = YES;
				CLANG_WARN__DUPLICATE_METHOD_MATCH = YES;
				COPY_PHASE_STRIP = NO;
				DEBUG_INFORMATION_FORMAT = dwarf;
				ENABLE_STRICT_OBJC_MSGSEND = YES;
				ENABLE_TESTABILITY = YES;
				GCC_C_LANGUAGE_STANDARD = gnu11;
				GCC_DYNAMIC_NO_PIC = NO;
				GCC_NO_COMMON_BLOCKS = YES;
				GCC_OPTIMIZATION_LEVEL = 0;
				GCC_PREPROCESSOR_DEFINITIONS = (
					"DEBUG=1",
					"$(inherited)",
				);
				GCC_WARN_64_TO_32_BIT_CONVERSION = YES;
				GCC_WARN_ABOUT_RETURN_TYPE = YES_ERROR;
				GCC_WARN_UNDECLARED_SELECTOR = YES;
				GCC_WARN_UNINITIALIZED_AUTOS = YES_AGGRESSIVE;
				GCC_WARN_UNUSED_FUNCTION = YES;
				GCC_WARN_UNUSED_VARIABLE = YES;
				IPHONEOS_DEPLOYMENT_TARGET = 16.2;
				MTL_ENABLE_DEBUG_INFO = INCLUDE_SOURCE;
				MTL_FAST_MATH = YES;
				ONLY_ACTIVE_ARCH = YES;
				SDKROOT = iphoneos;
				SWIFT_ACTIVE_COMPILATION_CONDITIONS = DEBUG;
				SWIFT_OPTIMIZATION_LEVEL = "-Onone";
			};
			name = Debug;
		};
		D43E5B4929CA5A35008CFDF8 /* Release */ = {
			isa = XCBuildConfiguration;
			buildSettings = {
				ALWAYS_SEARCH_USER_PATHS = NO;
				CLANG_ANALYZER_NONNULL = YES;
				CLANG_ANALYZER_NUMBER_OBJECT_CONVERSION = YES_AGGRESSIVE;
				CLANG_CXX_LANGUAGE_STANDARD = "gnu++20";
				CLANG_ENABLE_MODULES = YES;
				CLANG_ENABLE_OBJC_ARC = YES;
				CLANG_ENABLE_OBJC_WEAK = YES;
				CLANG_WARN_BLOCK_CAPTURE_AUTORELEASING = YES;
				CLANG_WARN_BOOL_CONVERSION = YES;
				CLANG_WARN_COMMA = YES;
				CLANG_WARN_CONSTANT_CONVERSION = YES;
				CLANG_WARN_DEPRECATED_OBJC_IMPLEMENTATIONS = YES;
				CLANG_WARN_DIRECT_OBJC_ISA_USAGE = YES_ERROR;
				CLANG_WARN_DOCUMENTATION_COMMENTS = YES;
				CLANG_WARN_EMPTY_BODY = YES;
				CLANG_WARN_ENUM_CONVERSION = YES;
				CLANG_WARN_INFINITE_RECURSION = YES;
				CLANG_WARN_INT_CONVERSION = YES;
				CLANG_WARN_NON_LITERAL_NULL_CONVERSION = YES;
				CLANG_WARN_OBJC_IMPLICIT_RETAIN_SELF = YES;
				CLANG_WARN_OBJC_LITERAL_CONVERSION = YES;
				CLANG_WARN_OBJC_ROOT_CLASS = YES_ERROR;
				CLANG_WARN_QUOTED_INCLUDE_IN_FRAMEWORK_HEADER = YES;
				CLANG_WARN_RANGE_LOOP_ANALYSIS = YES;
				CLANG_WARN_STRICT_PROTOTYPES = YES;
				CLANG_WARN_SUSPICIOUS_MOVE = YES;
				CLANG_WARN_UNGUARDED_AVAILABILITY = YES_AGGRESSIVE;
				CLANG_WARN_UNREACHABLE_CODE = YES;
				CLANG_WARN__DUPLICATE_METHOD_MATCH = YES;
				COPY_PHASE_STRIP = NO;
				DEBUG_INFORMATION_FORMAT = "dwarf-with-dsym";
				ENABLE_NS_ASSERTIONS = NO;
				ENABLE_STRICT_OBJC_MSGSEND = YES;
				GCC_C_LANGUAGE_STANDARD = gnu11;
				GCC_NO_COMMON_BLOCKS = YES;
				GCC_WARN_64_TO_32_BIT_CONVERSION = YES;
				GCC_WARN_ABOUT_RETURN_TYPE = YES_ERROR;
				GCC_WARN_UNDECLARED_SELECTOR = YES;
				GCC_WARN_UNINITIALIZED_AUTOS = YES_AGGRESSIVE;
				GCC_WARN_UNUSED_FUNCTION = YES;
				GCC_WARN_UNUSED_VARIABLE = YES;
				IPHONEOS_DEPLOYMENT_TARGET = 16.2;
				MTL_ENABLE_DEBUG_INFO = NO;
				MTL_FAST_MATH = YES;
				SDKROOT = iphoneos;
				SWIFT_COMPILATION_MODE = wholemodule;
				SWIFT_OPTIMIZATION_LEVEL = "-O";
				VALIDATE_PRODUCT = YES;
			};
			name = Release;
		};
		D43E5B4B29CA5A35008CFDF8 /* Debug */ = {
			isa = XCBuildConfiguration;
			buildSettings = {
				ASSETCATALOG_COMPILER_APPICON_NAME = AppIcon;
				ASSETCATALOG_COMPILER_GLOBAL_ACCENT_COLOR_NAME = AccentColor;
				CODE_SIGN_STYLE = Automatic;
				CURRENT_PROJECT_VERSION = 1;
				GENERATE_INFOPLIST_FILE = YES;
				INFOPLIST_FILE = magic8ball/Info.plist;
				INFOPLIST_KEY_UIApplicationSupportsIndirectInputEvents = YES;
				INFOPLIST_KEY_UILaunchStoryboardName = LaunchScreen;
				INFOPLIST_KEY_UIMainStoryboardFile = Main;
				INFOPLIST_KEY_UISupportedInterfaceOrientations = UIInterfaceOrientationPortrait;
				IPHONEOS_DEPLOYMENT_TARGET = 14.0;
				LD_RUNPATH_SEARCH_PATHS = (
					"$(inherited)",
					"@executable_path/Frameworks",
				);
				MARKETING_VERSION = 1.0;
				PRODUCT_BUNDLE_IDENTIFIER = com.amittandel.magic8ball;
				PRODUCT_NAME = "$(TARGET_NAME)";
				SWIFT_EMIT_LOC_STRINGS = YES;
				SWIFT_VERSION = 5.0;
				TARGETED_DEVICE_FAMILY = "1,2";
			};
			name = Debug;
		};
		D43E5B4C29CA5A35008CFDF8 /* Release */ = {
			isa = XCBuildConfiguration;
			buildSettings = {
				ASSETCATALOG_COMPILER_APPICON_NAME = AppIcon;
				ASSETCATALOG_COMPILER_GLOBAL_ACCENT_COLOR_NAME = AccentColor;
				CODE_SIGN_STYLE = Automatic;
				CURRENT_PROJECT_VERSION = 1;
				GENERATE_INFOPLIST_FILE = YES;
				INFOPLIST_FILE = magic8ball/Info.plist;
				INFOPLIST_KEY_UIApplicationSupportsIndirectInputEvents = YES;
				INFOPLIST_KEY_UILaunchStoryboardName = LaunchScreen;
				INFOPLIST_KEY_UIMainStoryboardFile = Main;
				INFOPLIST_KEY_UISupportedInterfaceOrientations = UIInterfaceOrientationPortrait;
				IPHONEOS_DEPLOYMENT_TARGET = 14.0;
				LD_RUNPATH_SEARCH_PATHS = (
					"$(inherited)",
					"@executable_path/Frameworks",
				);
				MARKETING_VERSION = 1.0;
				PRODUCT_BUNDLE_IDENTIFIER = com.amittandel.magic8ball;
				PRODUCT_NAME = "$(TARGET_NAME)";
				SWIFT_EMIT_LOC_STRINGS = YES;
				SWIFT_VERSION = 5.0;
				TARGETED_DEVICE_FAMILY = "1,2";
			};
			name = Release;
		};
		D43E5B4E29CA5A35008CFDF8 /* Debug */ = {
			isa = XCBuildConfiguration;
			buildSettings = {
				ALWAYS_EMBED_SWIFT_STANDARD_LIBRARIES = YES;
				BUNDLE_LOADER = "$(TEST_HOST)";
				CODE_SIGN_STYLE = Automatic;
				CURRENT_PROJECT_VERSION = 1;
				GENERATE_INFOPLIST_FILE = YES;
				IPHONEOS_DEPLOYMENT_TARGET = 16.2;
				MARKETING_VERSION = 1.0;
				PRODUCT_BUNDLE_IDENTIFIER = com.amittandel.magic8ballTests;
				PRODUCT_NAME = "$(TARGET_NAME)";
				SWIFT_EMIT_LOC_STRINGS = NO;
				SWIFT_VERSION = 5.0;
				TARGETED_DEVICE_FAMILY = "1,2";
				TEST_HOST = "$(BUILT_PRODUCTS_DIR)/Magic 8 Ball.app/$(BUNDLE_EXECUTABLE_FOLDER_PATH)/Magic 8 Ball";
			};
			name = Debug;
		};
		D43E5B4F29CA5A35008CFDF8 /* Release */ = {
			isa = XCBuildConfiguration;
			buildSettings = {
				ALWAYS_EMBED_SWIFT_STANDARD_LIBRARIES = YES;
				BUNDLE_LOADER = "$(TEST_HOST)";
				CODE_SIGN_STYLE = Automatic;
				CURRENT_PROJECT_VERSION = 1;
				GENERATE_INFOPLIST_FILE = YES;
				IPHONEOS_DEPLOYMENT_TARGET = 16.2;
				MARKETING_VERSION = 1.0;
				PRODUCT_BUNDLE_IDENTIFIER = com.amittandel.magic8ballTests;
				PRODUCT_NAME = "$(TARGET_NAME)";
				SWIFT_EMIT_LOC_STRINGS = NO;
				SWIFT_VERSION = 5.0;
				TARGETED_DEVICE_FAMILY = "1,2";
				TEST_HOST = "$(BUILT_PRODUCTS_DIR)/Magic 8 Ball.app/$(BUNDLE_EXECUTABLE_FOLDER_PATH)/Magic 8 Ball";
			};
			name = Release;
		};
		D43E5B5129CA5A35008CFDF8 /* Debug */ = {
			isa = XCBuildConfiguration;
			buildSettings = {
				ALWAYS_EMBED_SWIFT_STANDARD_LIBRARIES = YES;
				CODE_SIGN_STYLE = Automatic;
				CURRENT_PROJECT_VERSION = 1;
				GENERATE_INFOPLIST_FILE = YES;
				MARKETING_VERSION = 1.0;
				PRODUCT_BUNDLE_IDENTIFIER = com.amittandel.magic8ballUITests;
				PRODUCT_NAME = "$(TARGET_NAME)";
				SWIFT_EMIT_LOC_STRINGS = NO;
				SWIFT_VERSION = 5.0;
				TARGETED_DEVICE_FAMILY = "1,2";
				TEST_TARGET_NAME = magic8ball;
			};
			name = Debug;
		};
		D43E5B5229CA5A35008CFDF8 /* Release */ = {
			isa = XCBuildConfiguration;
			buildSettings = {
				ALWAYS_EMBED_SWIFT_STANDARD_LIBRARIES = YES;
				CODE_SIGN_STYLE = Automatic;
				CURRENT_PROJECT_VERSION = 1;
				GENERATE_INFOPLIST_FILE = YES;
				MARKETING_VERSION = 1.0;
				PRODUCT_BUNDLE_IDENTIFIER = com.amittandel.magic8ballUITests;
				PRODUCT_NAME = "$(TARGET_NAME)";
				SWIFT_EMIT_LOC_STRINGS = NO;
				SWIFT_VERSION = 5.0;
				TARGETED_DEVICE_FAMILY = "1,2";
				TEST_TARGET_NAME = magic8ball;
			};
			name = Release;
		};
/* End XCBuildConfiguration section */

/* Begin XCConfigurationList section */
		D43E5B1B29CA5A33008CFDF8 /* Build configuration list for PBXProject "Magic 8 Ball" */ = {
			isa = XCConfigurationList;
			buildConfigurations = (
				D43E5B4829CA5A35008CFDF8 /* Debug */,
				D43E5B4929CA5A35008CFDF8 /* Release */,
			);
			defaultConfigurationIsVisible = 0;
			defaultConfigurationName = Release;
		};
		D43E5B4A29CA5A35008CFDF8 /* Build configuration list for PBXNativeTarget "Magic 8 Ball" */ = {
			isa = XCConfigurationList;
			buildConfigurations = (
				D43E5B4B29CA5A35008CFDF8 /* Debug */,
				D43E5B4C29CA5A35008CFDF8 /* Release */,
			);
			defaultConfigurationIsVisible = 0;
			defaultConfigurationName = Release;
		};
		D43E5B4D29CA5A35008CFDF8 /* Build configuration list for PBXNativeTarget "Magic 8 BallTests" */ = {
			isa = XCConfigurationList;
			buildConfigurations = (
				D43E5B4E29CA5A35008CFDF8 /* Debug */,
				D43E5B4F29CA5A35008CFDF8 /* Release */,
			);
			defaultConfigurationIsVisible = 0;
			defaultConfigurationName = Release;
		};
		D43E5B5029CA5A35008CFDF8 /* Build configuration list for PBXNativeTarget "Magic 8 BallUITests" */ = {
			isa = XCConfigurationList;
			buildConfigurations = (
				D43E5B5129CA5A35008CFDF8 /* Debug */,
				D43E5B5229CA5A35008CFDF8 /* Release */,
			);
			defaultConfigurationIsVisible = 0;
			defaultConfigurationName = Release;
		};
/* End XCConfigurationList section */
	};
	rootObject = D43E5B1829CA5A33008CFDF8 /* Project object */;
}
